
Microsoft Visual Studio Solution File, Format Version 12.00
# Visual Studio Version 17
VisualStudioVersion = 17.9.34902.65
MinimumVisualStudioVersion = 10.0.40219.1
Project("{FAE04EC0-301F-11D3-BF4B-00C04F79EFBC}") = "DK-PoC-SendToSB-FN", "DK-PoC-SendToSB-FN.csproj", "{8C2CAB23-D4D0-41C5-989B-7E205B61A655}"
EndProject
Global
	GlobalSection(SolutionConfigurationPlatforms) = preSolution
		Debug|Any CPU = Debug|Any CPU
		Release|Any CPU = Release|Any CPU
	EndGlobalSection
	GlobalSection(ProjectConfigurationPlatforms) = postSolution
		{8C2CAB23-D4D0-41C5-989B-7E205B61A655}.Debug|Any CPU.ActiveCfg = Debug|Any CPU
		{8C2CAB23-D4D0-41C5-989B-7E205B61A655}.Debug|Any CPU.Build.0 = Debug|Any CPU
		{8C2CAB23-D4D0-41C5-989B-7E205B61A655}.Release|Any CPU.ActiveCfg = Release|Any CPU
		{8C2CAB23-D4D0-41C5-989B-7E205B61A655}.Release|Any CPU.Build.0 = Release|Any CPU
	EndGlobalSection
	GlobalSection(SolutionProperties) = preSolution
		HideSolutionNode = FALSE
	EndGlobalSection
	GlobalSection(ExtensibilityGlobals) = postSolution
		SolutionGuid = {E6EBDE3E-6DF5-49F7-B874-AF0E9C2339AA}
	EndGlobalSection
EndGlobal
